
Microsoft Visual Studio Solution File, Format Version 12.00
# Visual Studio 14
VisualStudioVersion = 14.0.24720.0
MinimumVisualStudioVersion = 10.0.40219.1
Project("{2150E333-8FDC-42A3-9474-1A3956D46DE8}") = "Universal", "Universal", "{BC2A29D6-421A-4C89-BCD6-D2A2A7D68C21}"
EndProject
Project("{FAE04EC0-301F-11D3-BF4B-00C04F79EFBC}") = "MyFitness.Universal", "Universal\MyFitness.Universal\MyFitness.Universal.csproj", "{4418F992-77C0-44C9-AF3B-04D43A50B038}"
EndProject
Project("{2150E333-8FDC-42A3-9474-1A3956D46DE8}") = "Data", "Data", "{B5140348-F649-418C-B01F-A02DF6BECC65}"
EndProject
Project("{2150E333-8FDC-42A3-9474-1A3956D46DE8}") = "Services", "Services", "{12B94B81-865D-4032-8446-155C0A8BB957}"
EndProject
Project("{2150E333-8FDC-42A3-9474-1A3956D46DE8}") = "Server", "Server", "{C23D82D6-55AB-44F0-B0E9-CDF95F088CCE}"
EndProject
Project("{FAE04EC0-301F-11D3-BF4B-00C04F79EFBC}") = "MyFitness.Server.Api", "Server\MyFitness.Server.Api\MyFitness.Server.Api.csproj", "{28143FED-F0AE-4972-8830-57AD746398D6}"
EndProject
Project("{FAE04EC0-301F-11D3-BF4B-00C04F79EFBC}") = "MyFitness.Data", "Data\MyFitness.Data\MyFitness.Data.csproj", "{AB325121-F502-461B-AEA6-02C3374F2B52}"
EndProject
Project("{FAE04EC0-301F-11D3-BF4B-00C04F79EFBC}") = "MyFitness.Data.Models", "Data\MyFitness.Data.Models\MyFitness.Data.Models.csproj", "{34060BE8-23B6-4FB0-887C-3413B8E8BCB6}"
EndProject
Project("{FAE04EC0-301F-11D3-BF4B-00C04F79EFBC}") = "MyFitness.Services", "Services\MyFitness.Services\MyFitness.Services.csproj", "{924B1553-8673-4F44-917B-C4084954ABAC}"
EndProject
Project("{FAE04EC0-301F-11D3-BF4B-00C04F79EFBC}") = "MyFitness.Data.Common", "Data\MyFitness.Data.Common\MyFitness.Data.Common.csproj", "{DC61DE5D-B22F-4BAA-8C56-37DC64D0BEC4}"
EndProject
Project("{FAE04EC0-301F-11D3-BF4B-00C04F79EFBC}") = "MyFitness.Server.Infrastructure", "Server\MyFitness.Server.Infrastructure\MyFitness.Server.Infrastructure.csproj", "{D762A0F1-1D4E-4F89-B7F8-FB92C2A8921C}"
EndProject
Project("{2150E333-8FDC-42A3-9474-1A3956D46DE8}") = "Common", "Common", "{8B55BBB2-16BC-498A-A9BD-8BC58313BDC4}"
EndProject
Project("{FAE04EC0-301F-11D3-BF4B-00C04F79EFBC}") = "MyFitness.Common", "Common\MyFitness.Common\MyFitness.Common.csproj", "{08C37363-81DF-49EF-B2BF-21F9BA17688D}"
EndProject
Project("{FAE04EC0-301F-11D3-BF4B-00C04F79EFBC}") = "MyFitness.Server.Common", "Server\MyFitness.Server.Common\MyFitness.Server.Common.csproj", "{0CB7833E-8FC9-4B35-846F-A6D9BD09AE55}"
EndProject
Global
	GlobalSection(SolutionConfigurationPlatforms) = preSolution
		Debug|Any CPU = Debug|Any CPU
		Debug|ARM = Debug|ARM
		Debug|x64 = Debug|x64
		Debug|x86 = Debug|x86
		Release|Any CPU = Release|Any CPU
		Release|ARM = Release|ARM
		Release|x64 = Release|x64
		Release|x86 = Release|x86
	EndGlobalSection
	GlobalSection(ProjectConfigurationPlatforms) = postSolution
		{4418F992-77C0-44C9-AF3B-04D43A50B038}.Debug|Any CPU.ActiveCfg = Debug|x86
		{4418F992-77C0-44C9-AF3B-04D43A50B038}.Debug|ARM.ActiveCfg = Debug|ARM
		{4418F992-77C0-44C9-AF3B-04D43A50B038}.Debug|ARM.Build.0 = Debug|ARM
		{4418F992-77C0-44C9-AF3B-04D43A50B038}.Debug|ARM.Deploy.0 = Debug|ARM
		{4418F992-77C0-44C9-AF3B-04D43A50B038}.Debug|x64.ActiveCfg = Debug|x64
		{4418F992-77C0-44C9-AF3B-04D43A50B038}.Debug|x64.Build.0 = Debug|x64
		{4418F992-77C0-44C9-AF3B-04D43A50B038}.Debug|x64.Deploy.0 = Debug|x64
		{4418F992-77C0-44C9-AF3B-04D43A50B038}.Debug|x86.ActiveCfg = Debug|x86
		{4418F992-77C0-44C9-AF3B-04D43A50B038}.Debug|x86.Build.0 = Debug|x86
		{4418F992-77C0-44C9-AF3B-04D43A50B038}.Debug|x86.Deploy.0 = Debug|x86
		{4418F992-77C0-44C9-AF3B-04D43A50B038}.Release|Any CPU.ActiveCfg = Release|x86
		{4418F992-77C0-44C9-AF3B-04D43A50B038}.Release|ARM.ActiveCfg = Release|ARM
		{4418F992-77C0-44C9-AF3B-04D43A50B038}.Release|ARM.Build.0 = Release|ARM
		{4418F992-77C0-44C9-AF3B-04D43A50B038}.Release|ARM.Deploy.0 = Release|ARM
		{4418F992-77C0-44C9-AF3B-04D43A50B038}.Release|x64.ActiveCfg = Release|x64
		{4418F992-77C0-44C9-AF3B-04D43A50B038}.Release|x64.Build.0 = Release|x64
		{4418F992-77C0-44C9-AF3B-04D43A50B038}.Release|x64.Deploy.0 = Release|x64
		{4418F992-77C0-44C9-AF3B-04D43A50B038}.Release|x86.ActiveCfg = Release|x86
		{4418F992-77C0-44C9-AF3B-04D43A50B038}.Release|x86.Build.0 = Release|x86
		{4418F992-77C0-44C9-AF3B-04D43A50B038}.Release|x86.Deploy.0 = Release|x86
		{28143FED-F0AE-4972-8830-57AD746398D6}.Debug|Any CPU.ActiveCfg = Debug|Any CPU
		{28143FED-F0AE-4972-8830-57AD746398D6}.Debug|Any CPU.Build.0 = Debug|Any CPU
		{28143FED-F0AE-4972-8830-57AD746398D6}.Debug|ARM.ActiveCfg = Debug|Any CPU
		{28143FED-F0AE-4972-8830-57AD746398D6}.Debug|ARM.Build.0 = Debug|Any CPU
		{28143FED-F0AE-4972-8830-57AD746398D6}.Debug|x64.ActiveCfg = Debug|Any CPU
		{28143FED-F0AE-4972-8830-57AD746398D6}.Debug|x64.Build.0 = Debug|Any CPU
		{28143FED-F0AE-4972-8830-57AD746398D6}.Debug|x86.ActiveCfg = Debug|Any CPU
		{28143FED-F0AE-4972-8830-57AD746398D6}.Debug|x86.Build.0 = Debug|Any CPU
		{28143FED-F0AE-4972-8830-57AD746398D6}.Release|Any CPU.ActiveCfg = Release|Any CPU
		{28143FED-F0AE-4972-8830-57AD746398D6}.Release|Any CPU.Build.0 = Release|Any CPU
		{28143FED-F0AE-4972-8830-57AD746398D6}.Release|ARM.ActiveCfg = Release|Any CPU
		{28143FED-F0AE-4972-8830-57AD746398D6}.Release|ARM.Build.0 = Release|Any CPU
		{28143FED-F0AE-4972-8830-57AD746398D6}.Release|x64.ActiveCfg = Release|Any CPU
		{28143FED-F0AE-4972-8830-57AD746398D6}.Release|x64.Build.0 = Release|Any CPU
		{28143FED-F0AE-4972-8830-57AD746398D6}.Release|x86.ActiveCfg = Release|Any CPU
		{28143FED-F0AE-4972-8830-57AD746398D6}.Release|x86.Build.0 = Release|Any CPU
		{AB325121-F502-461B-AEA6-02C3374F2B52}.Debug|Any CPU.ActiveCfg = Debug|Any CPU
		{AB325121-F502-461B-AEA6-02C3374F2B52}.Debug|Any CPU.Build.0 = Debug|Any CPU
		{AB325121-F502-461B-AEA6-02C3374F2B52}.Debug|ARM.ActiveCfg = Debug|Any CPU
		{AB325121-F502-461B-AEA6-02C3374F2B52}.Debug|ARM.Build.0 = Debug|Any CPU
		{AB325121-F502-461B-AEA6-02C3374F2B52}.Debug|x64.ActiveCfg = Debug|Any CPU
		{AB325121-F502-461B-AEA6-02C3374F2B52}.Debug|x64.Build.0 = Debug|Any CPU
		{AB325121-F502-461B-AEA6-02C3374F2B52}.Debug|x86.ActiveCfg = Debug|Any CPU
		{AB325121-F502-461B-AEA6-02C3374F2B52}.Debug|x86.Build.0 = Debug|Any CPU
		{AB325121-F502-461B-AEA6-02C3374F2B52}.Release|Any CPU.ActiveCfg = Release|Any CPU
		{AB325121-F502-461B-AEA6-02C3374F2B52}.Release|Any CPU.Build.0 = Release|Any CPU
		{AB325121-F502-461B-AEA6-02C3374F2B52}.Release|ARM.ActiveCfg = Release|Any CPU
		{AB325121-F502-461B-AEA6-02C3374F2B52}.Release|ARM.Build.0 = Release|Any CPU
		{AB325121-F502-461B-AEA6-02C3374F2B52}.Release|x64.ActiveCfg = Release|Any CPU
		{AB325121-F502-461B-AEA6-02C3374F2B52}.Release|x64.Build.0 = Release|Any CPU
		{AB325121-F502-461B-AEA6-02C3374F2B52}.Release|x86.ActiveCfg = Release|Any CPU
		{AB325121-F502-461B-AEA6-02C3374F2B52}.Release|x86.Build.0 = Release|Any CPU
		{34060BE8-23B6-4FB0-887C-3413B8E8BCB6}.Debug|Any CPU.ActiveCfg = Debug|Any CPU
		{34060BE8-23B6-4FB0-887C-3413B8E8BCB6}.Debug|Any CPU.Build.0 = Debug|Any CPU
		{34060BE8-23B6-4FB0-887C-3413B8E8BCB6}.Debug|ARM.ActiveCfg = Debug|Any CPU
		{34060BE8-23B6-4FB0-887C-3413B8E8BCB6}.Debug|ARM.Build.0 = Debug|Any CPU
		{34060BE8-23B6-4FB0-887C-3413B8E8BCB6}.Debug|x64.ActiveCfg = Debug|Any CPU
		{34060BE8-23B6-4FB0-887C-3413B8E8BCB6}.Debug|x64.Build.0 = Debug|Any CPU
		{34060BE8-23B6-4FB0-887C-3413B8E8BCB6}.Debug|x86.ActiveCfg = Debug|Any CPU
		{34060BE8-23B6-4FB0-887C-3413B8E8BCB6}.Debug|x86.Build.0 = Debug|Any CPU
		{34060BE8-23B6-4FB0-887C-3413B8E8BCB6}.Release|Any CPU.ActiveCfg = Release|Any CPU
		{34060BE8-23B6-4FB0-887C-3413B8E8BCB6}.Release|Any CPU.Build.0 = Release|Any CPU
		{34060BE8-23B6-4FB0-887C-3413B8E8BCB6}.Release|ARM.ActiveCfg = Release|Any CPU
		{34060BE8-23B6-4FB0-887C-3413B8E8BCB6}.Release|ARM.Build.0 = Release|Any CPU
		{34060BE8-23B6-4FB0-887C-3413B8E8BCB6}.Release|x64.ActiveCfg = Release|Any CPU
		{34060BE8-23B6-4FB0-887C-3413B8E8BCB6}.Release|x64.Build.0 = Release|Any CPU
		{34060BE8-23B6-4FB0-887C-3413B8E8BCB6}.Release|x86.ActiveCfg = Release|Any CPU
		{34060BE8-23B6-4FB0-887C-3413B8E8BCB6}.Release|x86.Build.0 = Release|Any CPU
		{924B1553-8673-4F44-917B-C4084954ABAC}.Debug|Any CPU.ActiveCfg = Debug|Any CPU
		{924B1553-8673-4F44-917B-C4084954ABAC}.Debug|Any CPU.Build.0 = Debug|Any CPU
		{924B1553-8673-4F44-917B-C4084954ABAC}.Debug|ARM.ActiveCfg = Debug|Any CPU
		{924B1553-8673-4F44-917B-C4084954ABAC}.Debug|ARM.Build.0 = Debug|Any CPU
		{924B1553-8673-4F44-917B-C4084954ABAC}.Debug|x64.ActiveCfg = Debug|Any CPU
		{924B1553-8673-4F44-917B-C4084954ABAC}.Debug|x64.Build.0 = Debug|Any CPU
		{924B1553-8673-4F44-917B-C4084954ABAC}.Debug|x86.ActiveCfg = Debug|Any CPU
		{924B1553-8673-4F44-917B-C4084954ABAC}.Debug|x86.Build.0 = Debug|Any CPU
		{924B1553-8673-4F44-917B-C4084954ABAC}.Release|Any CPU.ActiveCfg = Release|Any CPU
		{924B1553-8673-4F44-917B-C4084954ABAC}.Release|Any CPU.Build.0 = Release|Any CPU
		{924B1553-8673-4F44-917B-C4084954ABAC}.Release|ARM.ActiveCfg = Release|Any CPU
		{924B1553-8673-4F44-917B-C4084954ABAC}.Release|ARM.Build.0 = Release|Any CPU
		{924B1553-8673-4F44-917B-C4084954ABAC}.Release|x64.ActiveCfg = Release|Any CPU
		{924B1553-8673-4F44-917B-C4084954ABAC}.Release|x64.Build.0 = Release|Any CPU
		{924B1553-8673-4F44-917B-C4084954ABAC}.Release|x86.ActiveCfg = Release|Any CPU
		{924B1553-8673-4F44-917B-C4084954ABAC}.Release|x86.Build.0 = Release|Any CPU
		{DC61DE5D-B22F-4BAA-8C56-37DC64D0BEC4}.Debug|Any CPU.ActiveCfg = Debug|Any CPU
		{DC61DE5D-B22F-4BAA-8C56-37DC64D0BEC4}.Debug|Any CPU.Build.0 = Debug|Any CPU
		{DC61DE5D-B22F-4BAA-8C56-37DC64D0BEC4}.Debug|ARM.ActiveCfg = Debug|Any CPU
		{DC61DE5D-B22F-4BAA-8C56-37DC64D0BEC4}.Debug|ARM.Build.0 = Debug|Any CPU
		{DC61DE5D-B22F-4BAA-8C56-37DC64D0BEC4}.Debug|x64.ActiveCfg = Debug|Any CPU
		{DC61DE5D-B22F-4BAA-8C56-37DC64D0BEC4}.Debug|x64.Build.0 = Debug|Any CPU
		{DC61DE5D-B22F-4BAA-8C56-37DC64D0BEC4}.Debug|x86.ActiveCfg = Debug|Any CPU
		{DC61DE5D-B22F-4BAA-8C56-37DC64D0BEC4}.Debug|x86.Build.0 = Debug|Any CPU
		{DC61DE5D-B22F-4BAA-8C56-37DC64D0BEC4}.Release|Any CPU.ActiveCfg = Release|Any CPU
		{DC61DE5D-B22F-4BAA-8C56-37DC64D0BEC4}.Release|Any CPU.Build.0 = Release|Any CPU
		{DC61DE5D-B22F-4BAA-8C56-37DC64D0BEC4}.Release|ARM.ActiveCfg = Release|Any CPU
		{DC61DE5D-B22F-4BAA-8C56-37DC64D0BEC4}.Release|ARM.Build.0 = Release|Any CPU
		{DC61DE5D-B22F-4BAA-8C56-37DC64D0BEC4}.Release|x64.ActiveCfg = Release|Any CPU
		{DC61DE5D-B22F-4BAA-8C56-37DC64D0BEC4}.Release|x64.Build.0 = Release|Any CPU
		{DC61DE5D-B22F-4BAA-8C56-37DC64D0BEC4}.Release|x86.ActiveCfg = Release|Any CPU
		{DC61DE5D-B22F-4BAA-8C56-37DC64D0BEC4}.Release|x86.Build.0 = Release|Any CPU
		{D762A0F1-1D4E-4F89-B7F8-FB92C2A8921C}.Debug|Any CPU.ActiveCfg = Debug|Any CPU
		{D762A0F1-1D4E-4F89-B7F8-FB92C2A8921C}.Debug|Any CPU.Build.0 = Debug|Any CPU
		{D762A0F1-1D4E-4F89-B7F8-FB92C2A8921C}.Debug|ARM.ActiveCfg = Debug|Any CPU
		{D762A0F1-1D4E-4F89-B7F8-FB92C2A8921C}.Debug|ARM.Build.0 = Debug|Any CPU
		{D762A0F1-1D4E-4F89-B7F8-FB92C2A8921C}.Debug|x64.ActiveCfg = Debug|Any CPU
		{D762A0F1-1D4E-4F89-B7F8-FB92C2A8921C}.Debug|x64.Build.0 = Debug|Any CPU
		{D762A0F1-1D4E-4F89-B7F8-FB92C2A8921C}.Debug|x86.ActiveCfg = Debug|Any CPU
		{D762A0F1-1D4E-4F89-B7F8-FB92C2A8921C}.Debug|x86.Build.0 = Debug|Any CPU
		{D762A0F1-1D4E-4F89-B7F8-FB92C2A8921C}.Release|Any CPU.ActiveCfg = Release|Any CPU
		{D762A0F1-1D4E-4F89-B7F8-FB92C2A8921C}.Release|Any CPU.Build.0 = Release|Any CPU
		{D762A0F1-1D4E-4F89-B7F8-FB92C2A8921C}.Release|ARM.ActiveCfg = Release|Any CPU
		{D762A0F1-1D4E-4F89-B7F8-FB92C2A8921C}.Release|ARM.Build.0 = Release|Any CPU
		{D762A0F1-1D4E-4F89-B7F8-FB92C2A8921C}.Release|x64.ActiveCfg = Release|Any CPU
		{D762A0F1-1D4E-4F89-B7F8-FB92C2A8921C}.Release|x64.Build.0 = Release|Any CPU
		{D762A0F1-1D4E-4F89-B7F8-FB92C2A8921C}.Release|x86.ActiveCfg = Release|Any CPU
		{D762A0F1-1D4E-4F89-B7F8-FB92C2A8921C}.Release|x86.Build.0 = Release|Any CPU
		{08C37363-81DF-49EF-B2BF-21F9BA17688D}.Debug|Any CPU.ActiveCfg = Debug|Any CPU
		{08C37363-81DF-49EF-B2BF-21F9BA17688D}.Debug|Any CPU.Build.0 = Debug|Any CPU
		{08C37363-81DF-49EF-B2BF-21F9BA17688D}.Debug|ARM.ActiveCfg = Debug|Any CPU
		{08C37363-81DF-49EF-B2BF-21F9BA17688D}.Debug|ARM.Build.0 = Debug|Any CPU
		{08C37363-81DF-49EF-B2BF-21F9BA17688D}.Debug|x64.ActiveCfg = Debug|Any CPU
		{08C37363-81DF-49EF-B2BF-21F9BA17688D}.Debug|x64.Build.0 = Debug|Any CPU
		{08C37363-81DF-49EF-B2BF-21F9BA17688D}.Debug|x86.ActiveCfg = Debug|Any CPU
		{08C37363-81DF-49EF-B2BF-21F9BA17688D}.Debug|x86.Build.0 = Debug|Any CPU
		{08C37363-81DF-49EF-B2BF-21F9BA17688D}.Release|Any CPU.ActiveCfg = Release|Any CPU
		{08C37363-81DF-49EF-B2BF-21F9BA17688D}.Release|Any CPU.Build.0 = Release|Any CPU
		{08C37363-81DF-49EF-B2BF-21F9BA17688D}.Release|ARM.ActiveCfg = Release|Any CPU
		{08C37363-81DF-49EF-B2BF-21F9BA17688D}.Release|ARM.Build.0 = Release|Any CPU
		{08C37363-81DF-49EF-B2BF-21F9BA17688D}.Release|x64.ActiveCfg = Release|Any CPU
		{08C37363-81DF-49EF-B2BF-21F9BA17688D}.Release|x64.Build.0 = Release|Any CPU
		{08C37363-81DF-49EF-B2BF-21F9BA17688D}.Release|x86.ActiveCfg = Release|Any CPU
		{08C37363-81DF-49EF-B2BF-21F9BA17688D}.Release|x86.Build.0 = Release|Any CPU
		{0CB7833E-8FC9-4B35-846F-A6D9BD09AE55}.Debug|Any CPU.ActiveCfg = Debug|Any CPU
		{0CB7833E-8FC9-4B35-846F-A6D9BD09AE55}.Debug|Any CPU.Build.0 = Debug|Any CPU
		{0CB7833E-8FC9-4B35-846F-A6D9BD09AE55}.Debug|ARM.ActiveCfg = Debug|Any CPU
		{0CB7833E-8FC9-4B35-846F-A6D9BD09AE55}.Debug|ARM.Build.0 = Debug|Any CPU
		{0CB7833E-8FC9-4B35-846F-A6D9BD09AE55}.Debug|x64.ActiveCfg = Debug|Any CPU
		{0CB7833E-8FC9-4B35-846F-A6D9BD09AE55}.Debug|x64.Build.0 = Debug|Any CPU
		{0CB7833E-8FC9-4B35-846F-A6D9BD09AE55}.Debug|x86.ActiveCfg = Debug|Any CPU
		{0CB7833E-8FC9-4B35-846F-A6D9BD09AE55}.Debug|x86.Build.0 = Debug|Any CPU
		{0CB7833E-8FC9-4B35-846F-A6D9BD09AE55}.Release|Any CPU.ActiveCfg = Release|Any CPU
		{0CB7833E-8FC9-4B35-846F-A6D9BD09AE55}.Release|Any CPU.Build.0 = Release|Any CPU
		{0CB7833E-8FC9-4B35-846F-A6D9BD09AE55}.Release|ARM.ActiveCfg = Release|Any CPU
		{0CB7833E-8FC9-4B35-846F-A6D9BD09AE55}.Release|ARM.Build.0 = Release|Any CPU
		{0CB7833E-8FC9-4B35-846F-A6D9BD09AE55}.Release|x64.ActiveCfg = Release|Any CPU
		{0CB7833E-8FC9-4B35-846F-A6D9BD09AE55}.Release|x64.Build.0 = Release|Any CPU
		{0CB7833E-8FC9-4B35-846F-A6D9BD09AE55}.Release|x86.ActiveCfg = Release|Any CPU
		{0CB7833E-8FC9-4B35-846F-A6D9BD09AE55}.Release|x86.Build.0 = Release|Any CPU
	EndGlobalSection
	GlobalSection(SolutionProperties) = preSolution
		HideSolutionNode = FALSE
	EndGlobalSection
	GlobalSection(NestedProjects) = preSolution
		{4418F992-77C0-44C9-AF3B-04D43A50B038} = {BC2A29D6-421A-4C89-BCD6-D2A2A7D68C21}
		{28143FED-F0AE-4972-8830-57AD746398D6} = {C23D82D6-55AB-44F0-B0E9-CDF95F088CCE}
		{AB325121-F502-461B-AEA6-02C3374F2B52} = {B5140348-F649-418C-B01F-A02DF6BECC65}
		{34060BE8-23B6-4FB0-887C-3413B8E8BCB6} = {B5140348-F649-418C-B01F-A02DF6BECC65}
		{924B1553-8673-4F44-917B-C4084954ABAC} = {12B94B81-865D-4032-8446-155C0A8BB957}
		{DC61DE5D-B22F-4BAA-8C56-37DC64D0BEC4} = {B5140348-F649-418C-B01F-A02DF6BECC65}
		{D762A0F1-1D4E-4F89-B7F8-FB92C2A8921C} = {C23D82D6-55AB-44F0-B0E9-CDF95F088CCE}
		{08C37363-81DF-49EF-B2BF-21F9BA17688D} = {8B55BBB2-16BC-498A-A9BD-8BC58313BDC4}
		{0CB7833E-8FC9-4B35-846F-A6D9BD09AE55} = {C23D82D6-55AB-44F0-B0E9-CDF95F088CCE}
	EndGlobalSection
EndGlobal
